
Microsoft Visual Studio Solution File, Format Version 12.00
# Visual Studio Version 16
VisualStudioVersion = 16.0.33529.622
MinimumVisualStudioVersion = 10.0.40219.1
Project("{FAE04EC0-301F-11D3-BF4B-00C04F79EFBC}") = "7.Metoder [3]", "7.Metoder [3]\7.Metoder [3].csproj", "{49BB0692-0153-43D2-B02A-51C72555D493}"
EndProject
Global
	GlobalSection(SolutionConfigurationPlatforms) = preSolution
		Debug|Any CPU = Debug|Any CPU
		Release|Any CPU = Release|Any CPU
	EndGlobalSection
	GlobalSection(ProjectConfigurationPlatforms) = postSolution
		{49BB0692-0153-43D2-B02A-51C72555D493}.Debug|Any CPU.ActiveCfg = Debug|Any CPU
		{49BB0692-0153-43D2-B02A-51C72555D493}.Debug|Any CPU.Build.0 = Debug|Any CPU
		{49BB0692-0153-43D2-B02A-51C72555D493}.Release|Any CPU.ActiveCfg = Release|Any CPU
		{49BB0692-0153-43D2-B02A-51C72555D493}.Release|Any CPU.Build.0 = Release|Any CPU
	EndGlobalSection
	GlobalSection(SolutionProperties) = preSolution
		HideSolutionNode = FALSE
	EndGlobalSection
	GlobalSection(ExtensibilityGlobals) = postSolution
		SolutionGuid = {480B0F83-A307-4FFE-B81B-5D66C208C45C}
	EndGlobalSection
EndGlobal
